
Microsoft Visual Studio Solution File, Format Version 12.00
# Visual Studio 2012
Project("{FAE04EC0-301F-11D3-BF4B-00C04F79EFBC}") = "space_flight", "space_flight\space_flight.csproj", "{986E6932-BE8D-4033-B3A3-9F809B610544}"
EndProject
Project("{FAE04EC0-301F-11D3-BF4B-00C04F79EFBC}") = "space_flight_test", "space_flight_test\space_flight_test.csproj", "{4334B727-CD10-461E-B157-9A642127414F}"
EndProject
Global
	GlobalSection(SolutionConfigurationPlatforms) = preSolution
		Debug|Any CPU = Debug|Any CPU
		Release|Any CPU = Release|Any CPU
	EndGlobalSection
	GlobalSection(ProjectConfigurationPlatforms) = postSolution
		{986E6932-BE8D-4033-B3A3-9F809B610544}.Debug|Any CPU.ActiveCfg = Debug|Any CPU
		{986E6932-BE8D-4033-B3A3-9F809B610544}.Debug|Any CPU.Build.0 = Debug|Any CPU
		{986E6932-BE8D-4033-B3A3-9F809B610544}.Release|Any CPU.ActiveCfg = Release|Any CPU
		{986E6932-BE8D-4033-B3A3-9F809B610544}.Release|Any CPU.Build.0 = Release|Any CPU
		{4334B727-CD10-461E-B157-9A642127414F}.Debug|Any CPU.ActiveCfg = Debug|Any CPU
		{4334B727-CD10-461E-B157-9A642127414F}.Debug|Any CPU.Build.0 = Debug|Any CPU
		{4334B727-CD10-461E-B157-9A642127414F}.Release|Any CPU.ActiveCfg = Release|Any CPU
		{4334B727-CD10-461E-B157-9A642127414F}.Release|Any CPU.Build.0 = Release|Any CPU
	EndGlobalSection
EndGlobal
